
Microsoft Visual Studio Solution File, Format Version 12.00
# Visual Studio Version 17
VisualStudioVersion = 17.11.35222.181
MinimumVisualStudioVersion = 10.0.40219.1
Project("{FAE04EC0-301F-11D3-BF4B-00C04F79EFBC}") = "EducationalPractice02", "EducationalPractice02\EducationalPractice02.csproj", "{23800C70-6C4E-4E77-86B2-A08F957C32F8}"
EndProject
Global
	GlobalSection(SolutionConfigurationPlatforms) = preSolution
		Debug|Any CPU = Debug|Any CPU
		Release|Any CPU = Release|Any CPU
	EndGlobalSection
	GlobalSection(ProjectConfigurationPlatforms) = postSolution
		{23800C70-6C4E-4E77-86B2-A08F957C32F8}.Debug|Any CPU.ActiveCfg = Debug|Any CPU
		{23800C70-6C4E-4E77-86B2-A08F957C32F8}.Debug|Any CPU.Build.0 = Debug|Any CPU
		{23800C70-6C4E-4E77-86B2-A08F957C32F8}.Release|Any CPU.ActiveCfg = Release|Any CPU
		{23800C70-6C4E-4E77-86B2-A08F957C32F8}.Release|Any CPU.Build.0 = Release|Any CPU
	EndGlobalSection
	GlobalSection(SolutionProperties) = preSolution
		HideSolutionNode = FALSE
	EndGlobalSection
	GlobalSection(ExtensibilityGlobals) = postSolution
		SolutionGuid = {144A76A1-6072-4533-B0D8-2D3F20B1CC6D}
	EndGlobalSection
EndGlobal
